Microsoft Visual Studio Solution File, Format Version 10.00
# Visual Studio 2008

Project("{86CF3016-1855-C24B-E297-6131FEB82B85}") = "Dawn of The Sticks", "Assembly-CSharp.csproj", "{F07BAE0F-39DC-E202-1E6C-C740B29EFACC}"
EndProject
Project("{86CF3016-1855-C24B-E297-6131FEB82B85}") = "Dawn of The Sticks", "Assembly-UnityScript-firstpass.unityproj", "{4B006568-D0D0-3DAD-5801-2E492625E6D3}"
EndProject
Global
	GlobalSection(SolutionConfigurationPlatforms) = preSolution
		Debug|Any CPU = Debug|Any CPU
		Release|Any CPU = Release|Any CPU
	EndGlobalSection
	GlobalSection(ProjectConfigurationPlatforms) = postSolution
		{F07BAE0F-39DC-E202-1E6C-C740B29EFACC}.Debug|Any CPU.ActiveCfg = Debug|Any CPU
		{F07BAE0F-39DC-E202-1E6C-C740B29EFACC}.Debug|Any CPU.Build.0 = Debug|Any CPU
		{F07BAE0F-39DC-E202-1E6C-C740B29EFACC}.Release|Any CPU.ActiveCfg = Release|Any CPU
		{F07BAE0F-39DC-E202-1E6C-C740B29EFACC}.Release|Any CPU.Build.0 = Release|Any CPU
		{4B006568-D0D0-3DAD-5801-2E492625E6D3}.Debug|Any CPU.ActiveCfg = Debug|Any CPU
		{4B006568-D0D0-3DAD-5801-2E492625E6D3}.Debug|Any CPU.Build.0 = Debug|Any CPU
		{4B006568-D0D0-3DAD-5801-2E492625E6D3}.Release|Any CPU.ActiveCfg = Release|Any CPU
		{4B006568-D0D0-3DAD-5801-2E492625E6D3}.Release|Any CPU.Build.0 = Release|Any CPU
	EndGlobalSection
	GlobalSection(SolutionProperties) = preSolution
		HideSolutionNode = FALSE
	EndGlobalSection
																																		GlobalSection(MonoDevelopProperties) = preSolution
		StartupItem = Assembly-CSharp.csproj
	EndGlobalSection

EndGlobal
